
Microsoft Visual Studio Solution File, Format Version 12.00
# Visual Studio Version 17
VisualStudioVersion = 17.11.35208.52
MinimumVisualStudioVersion = 10.0.40219.1
Project("{FAE04EC0-301F-11D3-BF4B-00C04F79EFBC}") = "CoatOfArmsCore", "CoatOfArmsCore.csproj", "{874E512E-BA79-426F-89BE-8DB4FD037C45}"
EndProject
Global
	GlobalSection(SolutionConfigurationPlatforms) = preSolution
		Debug|Any CPU = Debug|Any CPU
		Release|Any CPU = Release|Any CPU
	EndGlobalSection
	GlobalSection(ProjectConfigurationPlatforms) = postSolution
		{874E512E-BA79-426F-89BE-8DB4FD037C45}.Debug|Any CPU.ActiveCfg = Debug|Any CPU
		{874E512E-BA79-426F-89BE-8DB4FD037C45}.Debug|Any CPU.Build.0 = Debug|Any CPU
		{874E512E-BA79-426F-89BE-8DB4FD037C45}.Release|Any CPU.ActiveCfg = Release|Any CPU
		{874E512E-BA79-426F-89BE-8DB4FD037C45}.Release|Any CPU.Build.0 = Release|Any CPU
	EndGlobalSection
	GlobalSection(SolutionProperties) = preSolution
		HideSolutionNode = FALSE
	EndGlobalSection
	GlobalSection(ExtensibilityGlobals) = postSolution
		SolutionGuid = {0A323F75-7309-4317-9BC1-E599C19488A3}
	EndGlobalSection
EndGlobal
